
Microsoft Visual Studio Solution File, Format Version 12.00
# Visual Studio Version 17
VisualStudioVersion = 17.2.32519.379
MinimumVisualStudioVersion = 10.0.40219.1
Project("{FAE04EC0-301F-11D3-BF4B-00C04F79EFBC}") = "CarClass", "CarClass\CarClass.csproj", "{AA41CDA7-9EB8-4670-8A80-D13113D0DBCF}"
EndProject
Global
	GlobalSection(SolutionConfigurationPlatforms) = preSolution
		Debug|Any CPU = Debug|Any CPU
		Release|Any CPU = Release|Any CPU
	EndGlobalSection
	GlobalSection(ProjectConfigurationPlatforms) = postSolution
		{AA41CDA7-9EB8-4670-8A80-D13113D0DBCF}.Debug|Any CPU.ActiveCfg = Debug|Any CPU
		{AA41CDA7-9EB8-4670-8A80-D13113D0DBCF}.Debug|Any CPU.Build.0 = Debug|Any CPU
		{AA41CDA7-9EB8-4670-8A80-D13113D0DBCF}.Release|Any CPU.ActiveCfg = Release|Any CPU
		{AA41CDA7-9EB8-4670-8A80-D13113D0DBCF}.Release|Any CPU.Build.0 = Release|Any CPU
	EndGlobalSection
	GlobalSection(SolutionProperties) = preSolution
		HideSolutionNode = FALSE
	EndGlobalSection
	GlobalSection(ExtensibilityGlobals) = postSolution
		SolutionGuid = {3058ACB9-320D-475B-8B14-F58B7A1156A9}
	EndGlobalSection
EndGlobal
