
Microsoft Visual Studio Solution File, Format Version 12.00
# Visual Studio Version 17
VisualStudioVersion = 17.2.32519.379
MinimumVisualStudioVersion = 10.0.40219.1
Project("{FAE04EC0-301F-11D3-BF4B-00C04F79EFBC}") = "WordGuessApp", "WordGuessApp\WordGuessApp.csproj", "{5459C686-7EF8-4303-BF78-6C2276F0EE3A}"
EndProject
Global
	GlobalSection(SolutionConfigurationPlatforms) = preSolution
		Debug|Any CPU = Debug|Any CPU
		Release|Any CPU = Release|Any CPU
	EndGlobalSection
	GlobalSection(ProjectConfigurationPlatforms) = postSolution
		{5459C686-7EF8-4303-BF78-6C2276F0EE3A}.Debug|Any CPU.ActiveCfg = Debug|Any CPU
		{5459C686-7EF8-4303-BF78-6C2276F0EE3A}.Debug|Any CPU.Build.0 = Debug|Any CPU
		{5459C686-7EF8-4303-BF78-6C2276F0EE3A}.Release|Any CPU.ActiveCfg = Release|Any CPU
		{5459C686-7EF8-4303-BF78-6C2276F0EE3A}.Release|Any CPU.Build.0 = Release|Any CPU
	EndGlobalSection
	GlobalSection(SolutionProperties) = preSolution
		HideSolutionNode = FALSE
	EndGlobalSection
	GlobalSection(ExtensibilityGlobals) = postSolution
		SolutionGuid = {1017D6AE-DA00-437F-A430-5723DDA3CF27}
	EndGlobalSection
EndGlobal
