
Microsoft Visual Studio Solution File, Format Version 12.00
# Visual Studio Version 17
VisualStudioVersion = 17.2.32519.379
MinimumVisualStudioVersion = 10.0.40219.1
Project("{FAE04EC0-301F-11D3-BF4B-00C04F79EFBC}") = "LinqAssignment", "LinqAssignment\LinqAssignment.csproj", "{B007F04D-F11C-4ABB-BB4D-4B25FD4D5310}"
EndProject
Global
	GlobalSection(SolutionConfigurationPlatforms) = preSolution
		Debug|Any CPU = Debug|Any CPU
		Release|Any CPU = Release|Any CPU
	EndGlobalSection
	GlobalSection(ProjectConfigurationPlatforms) = postSolution
		{B007F04D-F11C-4ABB-BB4D-4B25FD4D5310}.Debug|Any CPU.ActiveCfg = Debug|Any CPU
		{B007F04D-F11C-4ABB-BB4D-4B25FD4D5310}.Debug|Any CPU.Build.0 = Debug|Any CPU
		{B007F04D-F11C-4ABB-BB4D-4B25FD4D5310}.Release|Any CPU.ActiveCfg = Release|Any CPU
		{B007F04D-F11C-4ABB-BB4D-4B25FD4D5310}.Release|Any CPU.Build.0 = Release|Any CPU
	EndGlobalSection
	GlobalSection(SolutionProperties) = preSolution
		HideSolutionNode = FALSE
	EndGlobalSection
	GlobalSection(ExtensibilityGlobals) = postSolution
		SolutionGuid = {E681C4EE-E771-42C7-BE46-DBF6A1BEF2B7}
	EndGlobalSection
EndGlobal
