
Microsoft Visual Studio Solution File, Format Version 12.00
# Visual Studio Version 17
VisualStudioVersion = 17.2.32519.379
MinimumVisualStudioVersion = 10.0.40219.1
Project("{FAE04EC0-301F-11D3-BF4B-00C04F79EFBC}") = "ClassWork 1", "ClassWork 1\ClassWork 1.csproj", "{CE699305-3DFF-4432-AB90-DDB64A231002}"
EndProject
Global
	GlobalSection(SolutionConfigurationPlatforms) = preSolution
		Debug|Any CPU = Debug|Any CPU
		Release|Any CPU = Release|Any CPU
	EndGlobalSection
	GlobalSection(ProjectConfigurationPlatforms) = postSolution
		{CE699305-3DFF-4432-AB90-DDB64A231002}.Debug|Any CPU.ActiveCfg = Debug|Any CPU
		{CE699305-3DFF-4432-AB90-DDB64A231002}.Debug|Any CPU.Build.0 = Debug|Any CPU
		{CE699305-3DFF-4432-AB90-DDB64A231002}.Release|Any CPU.ActiveCfg = Release|Any CPU
		{CE699305-3DFF-4432-AB90-DDB64A231002}.Release|Any CPU.Build.0 = Release|Any CPU
	EndGlobalSection
	GlobalSection(SolutionProperties) = preSolution
		HideSolutionNode = FALSE
	EndGlobalSection
	GlobalSection(ExtensibilityGlobals) = postSolution
		SolutionGuid = {D586D326-68A0-4536-8815-F789651FD4C5}
	EndGlobalSection
EndGlobal
