
Microsoft Visual Studio Solution File, Format Version 12.00
# Visual Studio Version 17
VisualStudioVersion = 17.2.32519.379
MinimumVisualStudioVersion = 10.0.40219.1
Project("{FAE04EC0-301F-11D3-BF4B-00C04F79EFBC}") = "DICTIONARY", "DICTIONARY\DICTIONARY.csproj", "{B6F2641F-07D7-4629-8E01-CFE927A3C97A}"
EndProject
Global
	GlobalSection(SolutionConfigurationPlatforms) = preSolution
		Debug|Any CPU = Debug|Any CPU
		Release|Any CPU = Release|Any CPU
	EndGlobalSection
	GlobalSection(ProjectConfigurationPlatforms) = postSolution
		{B6F2641F-07D7-4629-8E01-CFE927A3C97A}.Debug|Any CPU.ActiveCfg = Debug|Any CPU
		{B6F2641F-07D7-4629-8E01-CFE927A3C97A}.Debug|Any CPU.Build.0 = Debug|Any CPU
		{B6F2641F-07D7-4629-8E01-CFE927A3C97A}.Release|Any CPU.ActiveCfg = Release|Any CPU
		{B6F2641F-07D7-4629-8E01-CFE927A3C97A}.Release|Any CPU.Build.0 = Release|Any CPU
	EndGlobalSection
	GlobalSection(SolutionProperties) = preSolution
		HideSolutionNode = FALSE
	EndGlobalSection
	GlobalSection(ExtensibilityGlobals) = postSolution
		SolutionGuid = {390AB04F-2EA3-422B-8FD6-6D31620321C9}
	EndGlobalSection
EndGlobal
